
Microsoft Visual Studio Solution File, Format Version 12.00
# Visual Studio Version 16
VisualStudioVersion = 16.0.30804.86
MinimumVisualStudioVersion = 10.0.40219.1
Project("{FAE04EC0-301F-11D3-BF4B-00C04F79EFBC}") = "BackupBase", "BackupBase\BackupBase.csproj", "{C5C226C3-4196-4F58-9FF0-40DA5E22875E}"
EndProject
Project("{FAE04EC0-301F-11D3-BF4B-00C04F79EFBC}") = "Agendador", "Agendador\Agendador.csproj", "{0F9CAE21-C4D8-4705-AF49-8BBC5623F010}"
EndProject
Global
	GlobalSection(SolutionConfigurationPlatforms) = preSolution
		Debug|Any CPU = Debug|Any CPU
		Release|Any CPU = Release|Any CPU
	EndGlobalSection
	GlobalSection(ProjectConfigurationPlatforms) = postSolution
		{C5C226C3-4196-4F58-9FF0-40DA5E22875E}.Debug|Any CPU.ActiveCfg = Debug|Any CPU
		{C5C226C3-4196-4F58-9FF0-40DA5E22875E}.Debug|Any CPU.Build.0 = Debug|Any CPU
		{C5C226C3-4196-4F58-9FF0-40DA5E22875E}.Release|Any CPU.ActiveCfg = Release|Any CPU
		{C5C226C3-4196-4F58-9FF0-40DA5E22875E}.Release|Any CPU.Build.0 = Release|Any CPU
		{0F9CAE21-C4D8-4705-AF49-8BBC5623F010}.Debug|Any CPU.ActiveCfg = Debug|Any CPU
		{0F9CAE21-C4D8-4705-AF49-8BBC5623F010}.Debug|Any CPU.Build.0 = Debug|Any CPU
		{0F9CAE21-C4D8-4705-AF49-8BBC5623F010}.Release|Any CPU.ActiveCfg = Release|Any CPU
		{0F9CAE21-C4D8-4705-AF49-8BBC5623F010}.Release|Any CPU.Build.0 = Release|Any CPU
	EndGlobalSection
	GlobalSection(SolutionProperties) = preSolution
		HideSolutionNode = FALSE
	EndGlobalSection
	GlobalSection(ExtensibilityGlobals) = postSolution
		SolutionGuid = {F9C3562E-EF25-4494-9670-A7A8C52D45AD}
	EndGlobalSection
EndGlobal
